// !$*UTF8*$!
{
	archiveVersion = 1;
	classes = {
	};
	objectVersion = 50;
	objects = {

/* Begin PBXBuildFile section */
		250FF0E6260E52FC00CBF4D5 /* Project 2-1 Reduced.rcproject in Sources */ = {isa = PBXBuildFile; fileRef = 250FF0E5260E52FC00CBF4D5 /* Project 2-1 Reduced.rcproject */; };
		259A7568260A138C00883CA6 /* AppDelegate.swift in Sources */ = {isa = PBXBuildFile; fileRef = 259A7567260A138C00883CA6 /* AppDelegate.swift */; };
		259A756A260A138C00883CA6 /* ViewController.swift in Sources */ = {isa = PBXBuildFile; fileRef = 259A7569260A138C00883CA6 /* ViewController.swift */; };
		259A756F260A138C00883CA6 /* Main.storyboard in Resources */ = {isa = PBXBuildFile; fileRef = 259A756D260A138C00883CA6 /* Main.storyboard */; };
		259A7571260A139000883CA6 /* Assets.xcassets in Resources */ = {isa = PBXBuildFile; fileRef = 259A7570260A139000883CA6 /* Assets.xcassets */; };
		259A7574260A139000883CA6 /* LaunchScreen.storyboard in Resources */ = {isa = PBXBuildFile; fileRef = 259A7572260A139000883CA6 /* LaunchScreen.storyboard */; };
/* End PBXBuildFile section */

/* Begin PBXFileReference section */
		250FF0E5260E52FC00CBF4D5 /* Project 2-1 Reduced.rcproject */ = {isa = PBXFileReference; lastKnownFileType = file.rcproject; path = "Project 2-1 Reduced.rcproject"; sourceTree = "<group>"; };
		259A7564260A138C00883CA6 /* Fragment Island Setup.app */ = {isa = PBXFileReference; explicitFileType = wrapper.application; includeInIndex = 0; path = "Fragment Island Setup.app"; sourceTree = BUILT_PRODUCTS_DIR; };
		259A7567260A138C00883CA6 /* AppDelegate.swift */ = {isa = PBXFileReference; lastKnownFileType = sourcecode.swift; path = AppDelegate.swift; sourceTree = "<group>"; };
		259A7569260A138C00883CA6 /* ViewController.swift */ = {isa = PBXFileReference; lastKnownFileType = sourcecode.swift; path = ViewController.swift; sourceTree = "<group>"; };
		259A756E260A138C00883CA6 /* Base */ = {isa = PBXFileReference; lastKnownFileType = file.storyboard; name = Base; path = Base.lproj/Main.storyboard; sourceTree = "<group>"; };
		259A7570260A139000883CA6 /* Assets.xcassets */ = {isa = PBXFileReference; lastKnownFileType = folder.assetcatalog; path = Assets.xcassets; sourceTree = "<group>"; };
		259A7573260A139000883CA6 /* Base */ = {isa = PBXFileReference; lastKnownFileType = file.storyboard; name = Base; path = Base.lproj/LaunchScreen.storyboard; sourceTree = "<group>"; };
		259A7575260A139000883CA6 /* Info.plist */ = {isa = PBXFileReference; lastKnownFileType = text.plist.xml; path = Info.plist; sourceTree = "<group>"; };
/* End PBXFileReference section */

/* Begin PBXFrameworksBuildPhase section */
		259A7561260A138C00883CA6 /* Frameworks */ = {
			isa = PBXFrameworksBuildPhase;
			buildActionMask = 2147483647;
			files = (
			);
			runOnlyForDeploymentPostprocessing = 0;
		};
/* End PBXFrameworksBuildPhase section */

/* Begin PBXGroup section */
		259A755B260A138C00883CA6 = {
			isa = PBXGroup;
			children = (
				259A7566260A138C00883CA6 /* Proj2-1 Fragment Island Setup */,
				259A7565260A138C00883CA6 /* Products */,
			);
			sourceTree = "<group>";
		};
		259A7565260A138C00883CA6 /* Products */ = {
			isa = PBXGroup;
			children = (
				259A7564260A138C00883CA6 /* Fragment Island Setup.app */,
			);
			name = Products;
			sourceTree = "<group>";
		};
		259A7566260A138C00883CA6 /* Proj2-1 Fragment Island Setup */ = {
			isa = PBXGroup;
			children = (
				259A7567260A138C00883CA6 /* AppDelegate.swift */,
				259A7569260A138C00883CA6 /* ViewController.swift */,
				259A756D260A138C00883CA6 /* Main.storyboard */,
				250FF0E5260E52FC00CBF4D5 /* Project 2-1 Reduced.rcproject */,
				259A7570260A139000883CA6 /* Assets.xcassets */,
				259A7572260A139000883CA6 /* LaunchScreen.storyboard */,
				259A7575260A139000883CA6 /* Info.plist */,
			);
			path = "Proj2-1 Fragment Island Setup";
			sourceTree = "<group>";
		};
/* End PBXGroup section */

/* Begin PBXNativeTarget section */
		259A7563260A138C00883CA6 /* Fragment Island Setup */ = {
			isa = PBXNativeTarget;
			buildConfigurationList = 259A7578260A139000883CA6 /* Build configuration list for PBXNativeTarget "Fragment Island Setup" */;
			buildPhases = (
				259A7560260A138C00883CA6 /* Sources */,
				259A7561260A138C00883CA6 /* Frameworks */,
				259A7562260A138C00883CA6 /* Resources */,
			);
			buildRules = (
			);
			dependencies = (
			);
			name = "Fragment Island Setup";
			productName = "Proj2-1 Fragment Island Setup";
			productReference = 259A7564260A138C00883CA6 /* Fragment Island Setup.app */;
			productType = "com.apple.product-type.application";
		};
/* End PBXNativeTarget section */

/* Begin PBXProject section */
		259A755C260A138C00883CA6 /* Project object */ = {
			isa = PBXProject;
			attributes = {
				LastSwiftUpdateCheck = 1240;
				LastUpgradeCheck = 1240;
				TargetAttributes = {
					259A7563260A138C00883CA6 = {
						CreatedOnToolsVersion = 12.4;
					};
				};
			};
			buildConfigurationList = 259A755F260A138C00883CA6 /* Build configuration list for PBXProject "Fragment Island Setup" */;
			compatibilityVersion = "Xcode 9.3";
			developmentRegion = en;
			hasScannedForEncodings = 0;
			knownRegions = (
				en,
				Base,
			);
			mainGroup = 259A755B260A138C00883CA6;
			productRefGroup = 259A7565260A138C00883CA6 /* Products */;
			projectDirPath = "";
			projectRoot = "";
			targets = (
				259A7563260A138C00883CA6 /* Fragment Island Setup */,
			);
		};
/* End PBXProject section */

/* Begin PBXResourcesBuildPhase section */
		259A7562260A138C00883CA6 /* Resources */ = {
			isa = PBXResourcesBuildPhase;
			buildActionMask = 2147483647;
			files = (
				259A7574260A139000883CA6 /* LaunchScreen.storyboard in Resources */,
				259A7571260A139000883CA6 /* Assets.xcassets in Resources */,
				259A756F260A138C00883CA6 /* Main.storyboard in Resources */,
			);
			runOnlyForDeploymentPostprocessing = 0;
		};
/* End PBXResourcesBuildPhase section */

/* Begin PBXSourcesBuildPhase section */
		259A7560260A138C00883CA6 /* Sources */ = {
			isa = PBXSourcesBuildPhase;
			buildActionMask = 2147483647;
			files = (
				250FF0E6260E52FC00CBF4D5 /* Project 2-1 Reduced.rcproject in Sources */,
				259A756A260A138C00883CA6 /* ViewController.swift in Sources */,
				259A7568260A138C00883CA6 /* AppDelegate.swift in Sources */,
			);
			runOnlyForDeploymentPostprocessing = 0;
		};
/* End PBXSourcesBuildPhase section */

/* Begin PBXVariantGroup section */
		259A756D260A138C00883CA6 /* Main.storyboard */ = {
			isa = PBXVariantGroup;
			children = (
				259A756E260A138C00883CA6 /* Base */,
			);
			name = Main.storyboard;
			sourceTree = "<group>";
		};
		259A7572260A139000883CA6 /* LaunchScreen.storyboard */ = {
			isa = PBXVariantGroup;
			children = (
				259A7573260A139000883CA6 /* Base */,
			);
			name = LaunchScreen.storyboard;
			sourceTree = "<group>";
		};
/* End PBXVariantGroup section */

/* Begin XCBuildConfiguration section */
		259A7576260A139000883CA6 /* Debug */ = {
			isa = XCBuildConfiguration;
			buildSettings = {
				ALWAYS_SEARCH_USER_PATHS = NO;
				CLANG_ANALYZER_NONNULL = YES;
				CLANG_ANALYZER_NUMBER_OBJECT_CONVERSION = YES_AGGRESSIVE;
				CLANG_CXX_LANGUAGE_STANDARD = "gnu++14";
				CLANG_CXX_LIBRARY = "libc++";
				CLANG_ENABLE_MODULES = YES;
				CLANG_ENABLE_OBJC_ARC = YES;
				CLANG_ENABLE_OBJC_WEAK = YES;
				CLANG_WARN_BLOCK_CAPTURE_AUTORELEASING = YES;
				CLANG_WARN_BOOL_CONVERSION = YES;
				CLANG_WARN_COMMA = YES;
				CLANG_WARN_CONSTANT_CONVERSION = YES;
				CLANG_WARN_DEPRECATED_OBJC_IMPLEMENTATIONS = YES;
				CLANG_WARN_DIRECT_OBJC_ISA_USAGE = YES_ERROR;
				CLANG_WARN_DOCUMENTATION_COMMENTS = YES;
				CLANG_WARN_EMPTY_BODY = YES;
				CLANG_WARN_ENUM_CONVERSION = YES;
				CLANG_WARN_INFINITE_RECURSION = YES;
				CLANG_WARN_INT_CONVERSION = YES;
				CLANG_WARN_NON_LITERAL_NULL_CONVERSION = YES;
				CLANG_WARN_OBJC_IMPLICIT_RETAIN_SELF = YES;
				CLANG_WARN_OBJC_LITERAL_CONVERSION = YES;
				CLANG_WARN_OBJC_ROOT_CLASS = YES_ERROR;
				CLANG_WARN_QUOTED_INCLUDE_IN_FRAMEWORK_HEADER = YES;
				CLANG_WARN_RANGE_LOOP_ANALYSIS = YES;
				CLANG_WARN_STRICT_PROTOTYPES = YES;
				CLANG_WARN_SUSPICIOUS_MOVE = YES;
				CLANG_WARN_UNGUARDED_AVAILABILITY = YES_AGGRESSIVE;
				CLANG_WARN_UNREACHABLE_CODE = YES;
				CLANG_WARN__DUPLICATE_METHOD_MATCH = YES;
				COPY_PHASE_STRIP = NO;
				DEBUG_INFORMATION_FORMAT = dwarf;
				ENABLE_STRICT_OBJC_MSGSEND = YES;
				ENABLE_TESTABILITY = YES;
				GCC_C_LANGUAGE_STANDARD = gnu11;
				GCC_DYNAMIC_NO_PIC = NO;
				GCC_NO_COMMON_BLOCKS = YES;
				GCC_OPTIMIZATION_LEVEL = 0;
				GCC_PREPROCESSOR_DEFINITIONS = (
					"DEBUG=1",
					"$(inherited)",
				);
				GCC_WARN_64_TO_32_BIT_CONVERSION = YES;
				GCC_WARN_ABOUT_RETURN_TYPE = YES_ERROR;
				GCC_WARN_UNDECLARED_SELECTOR = YES;
				GCC_WARN_UNINITIALIZED_AUTOS = YES_AGGRESSIVE;
				GCC_WARN_UNUSED_FUNCTION = YES;
				GCC_WARN_UNUSED_VARIABLE = YES;
				IPHONEOS_DEPLOYMENT_TARGET = 14.4;
				MTL_ENABLE_DEBUG_INFO = INCLUDE_SOURCE;
				MTL_FAST_MATH = YES;
				ONLY_ACTIVE_ARCH = YES;
				SDKROOT = iphoneos;
				SWIFT_ACTIVE_COMPILATION_CONDITIONS = DEBUG;
				SWIFT_OPTIMIZATION_LEVEL = "-Onone";
			};
			name = Debug;
		};
		259A7577260A139000883CA6 /* Release */ = {
			isa = XCBuildConfiguration;
			buildSettings = {
				ALWAYS_SEARCH_USER_PATHS = NO;
				CLANG_ANALYZER_NONNULL = YES;
				CLANG_ANALYZER_NUMBER_OBJECT_CONVERSION = YES_AGGRESSIVE;
				CLANG_CXX_LANGUAGE_STANDARD = "gnu++14";
				CLANG_CXX_LIBRARY = "libc++";
				CLANG_ENABLE_MODULES = YES;
				CLANG_ENABLE_OBJC_ARC = YES;
				CLANG_ENABLE_OBJC_WEAK = YES;
				CLANG_WARN_BLOCK_CAPTURE_AUTORELEASING = YES;
				CLANG_WARN_BOOL_CONVERSION = YES;
				CLANG_WARN_COMMA = YES;
				CLANG_WARN_CONSTANT_CONVERSION = YES;
				CLANG_WARN_DEPRECATED_OBJC_IMPLEMENTATIONS = YES;
				CLANG_WARN_DIRECT_OBJC_ISA_USAGE = YES_ERROR;
				CLANG_WARN_DOCUMENTATION_COMMENTS = YES;
				CLANG_WARN_EMPTY_BODY = YES;
				CLANG_WARN_ENUM_CONVERSION = YES;
				CLANG_WARN_INFINITE_RECURSION = YES;
				CLANG_WARN_INT_CONVERSION = YES;
				CLANG_WARN_NON_LITERAL_NULL_CONVERSION = YES;
				CLANG_WARN_OBJC_IMPLICIT_RETAIN_SELF = YES;
				CLANG_WARN_OBJC_LITERAL_CONVERSION = YES;
				CLANG_WARN_OBJC_ROOT_CLASS = YES_ERROR;
				CLANG_WARN_QUOTED_INCLUDE_IN_FRAMEWORK_HEADER = YES;
				CLANG_WARN_RANGE_LOOP_ANALYSIS = YES;
				CLANG_WARN_STRICT_PROTOTYPES = YES;
				CLANG_WARN_SUSPICIOUS_MOVE = YES;
				CLANG_WARN_UNGUARDED_AVAILABILITY = YES_AGGRESSIVE;
				CLANG_WARN_UNREACHABLE_CODE = YES;
				CLANG_WARN__DUPLICATE_METHOD_MATCH = YES;
				COPY_PHASE_STRIP = NO;
				DEBUG_INFORMATION_FORMAT = "dwarf-with-dsym";
				ENABLE_NS_ASSERTIONS = NO;
				ENABLE_STRICT_OBJC_MSGSEND = YES;
				GCC_C_LANGUAGE_STANDARD = gnu11;
				GCC_NO_COMMON_BLOCKS = YES;
				GCC_WARN_64_TO_32_BIT_CONVERSION = YES;
				GCC_WARN_ABOUT_RETURN_TYPE = YES_ERROR;
				GCC_WARN_UNDECLARED_SELECTOR = YES;
				GCC_WARN_UNINITIALIZED_AUTOS = YES_AGGRESSIVE;
				GCC_WARN_UNUSED_FUNCTION = YES;
				GCC_WARN_UNUSED_VARIABLE = YES;
				IPHONEOS_DEPLOYMENT_TARGET = 14.4;
				MTL_ENABLE_DEBUG_INFO = NO;
				MTL_FAST_MATH = YES;
				SDKROOT = iphoneos;
				SWIFT_COMPILATION_MODE = wholemodule;
				SWIFT_OPTIMIZATION_LEVEL = "-O";
				VALIDATE_PRODUCT = YES;
			};
			name = Release;
		};
		259A7579260A139000883CA6 /* Debug */ = {
			isa = XCBuildConfiguration;
			buildSettings = {
				ASSETCATALOG_COMPILER_APPICON_NAME = AppIcon;
				ASSETCATALOG_COMPILER_GLOBAL_ACCENT_COLOR_NAME = AccentColor;
				CODE_SIGN_STYLE = Automatic;
				DEVELOPMENT_TEAM = K69RW9QJJ8;
				INFOPLIST_FILE = "Proj2-1 Fragment Island Setup/Info.plist";
				LD_RUNPATH_SEARCH_PATHS = (
					"$(inherited)",
					"@executable_path/Frameworks",
				);
				PRODUCT_BUNDLE_IDENTIFIER = "Goldsmiths.Proj2-1-Fragment-Island-Setup";
				PRODUCT_NAME = "$(TARGET_NAME)";
				SWIFT_VERSION = 5.0;
				TARGETED_DEVICE_FAMILY = "1,2";
			};
			name = Debug;
		};
		259A757A260A139000883CA6 /* Release */ = {
			isa = XCBuildConfiguration;
			buildSettings = {
				ASSETCATALOG_COMPILER_APPICON_NAME = AppIcon;
				ASSETCATALOG_COMPILER_GLOBAL_ACCENT_COLOR_NAME = AccentColor;
				CODE_SIGN_STYLE = Automatic;
				DEVELOPMENT_TEAM = K69RW9QJJ8;
				INFOPLIST_FILE = "Proj2-1 Fragment Island Setup/Info.plist";
				LD_RUNPATH_SEARCH_PATHS = (
					"$(inherited)",
					"@executable_path/Frameworks",
				);
				PRODUCT_BUNDLE_IDENTIFIER = "Goldsmiths.Proj2-1-Fragment-Island-Setup";
				PRODUCT_NAME = "$(TARGET_NAME)";
				SWIFT_VERSION = 5.0;
				TARGETED_DEVICE_FAMILY = "1,2";
			};
			name = Release;
		};
/* End XCBuildConfiguration section */

/* Begin XCConfigurationList section */
		259A755F260A138C00883CA6 /* Build configuration list for PBXProject "Fragment Island Setup" */ = {
			isa = XCConfigurationList;
			buildConfigurations = (
				259A7576260A139000883CA6 /* Debug */,
				259A7577260A139000883CA6 /* Release */,
			);
			defaultConfigurationIsVisible = 0;
			defaultConfigurationName = Release;
		};
		259A7578260A139000883CA6 /* Build configuration list for PBXNativeTarget "Fragment Island Setup" */ = {
			isa = XCConfigurationList;
			buildConfigurations = (
				259A7579260A139000883CA6 /* Debug */,
				259A757A260A139000883CA6 /* Release */,
			);
			defaultConfigurationIsVisible = 0;
			defaultConfigurationName = Release;
		};
/* End XCConfigurationList section */
	};
	rootObject = 259A755C260A138C00883CA6 /* Project object */;
}
